
Microsoft Visual Studio Solution File, Format Version 12.00
# Visual Studio Version 17
VisualStudioVersion = 17.14.36202.13 d17.14
MinimumVisualStudioVersion = 10.0.40219.1
Project("{FAE04EC0-301F-11D3-BF4B-00C04F79EFBC}") = "GeminiApp", "GeminiApp\GeminiApp.csproj", "{F4CC6186-A7E9-46E9-BDB1-51C57DECE136}"
EndProject
Global
	GlobalSection(SolutionConfigurationPlatforms) = preSolution
		Debug|Any CPU = Debug|Any CPU
		Release|Any CPU = Release|Any CPU
	EndGlobalSection
	GlobalSection(ProjectConfigurationPlatforms) = postSolution
		{F4CC6186-A7E9-46E9-BDB1-51C57DECE136}.Debug|Any CPU.ActiveCfg = Debug|Any CPU
		{F4CC6186-A7E9-46E9-BDB1-51C57DECE136}.Debug|Any CPU.Build.0 = Debug|Any CPU
		{F4CC6186-A7E9-46E9-BDB1-51C57DECE136}.Release|Any CPU.ActiveCfg = Release|Any CPU
		{F4CC6186-A7E9-46E9-BDB1-51C57DECE136}.Release|Any CPU.Build.0 = Release|Any CPU
	EndGlobalSection
	GlobalSection(SolutionProperties) = preSolution
		HideSolutionNode = FALSE
	EndGlobalSection
	GlobalSection(ExtensibilityGlobals) = postSolution
		SolutionGuid = {E8053518-E821-4940-AFD7-1D7E5C29878B}
	EndGlobalSection
EndGlobal
